{
  "name": "ja-pagou",
  "version": "1.0.0",
  "lockfileVersion": 3,
  "requires": true,
  "packages": {
    "": {
      "version": "1.0.0",
      "license": "ISC",
      "dependencies": {
        "rita": "^3.2.8"
      }
    },
    "node_modules/@chevrotain/cst-dts-gen": {
      "version": "11.1.1",
      "resolved": "https://registry.npmjs.org/@chevrotain/cst-dts-gen/-/cst-dts-gen-11.1.1.tgz",
      "integrity": "sha512-fRHyv6/f542qQqiRGalrfJl/evD39mAvbJLCekPazhiextEatq1Jx1K/i9gSd5NNO0ds03ek0Cbo/4uVKmOBcw==",
      "license": "Apache-2.0",
      "dependencies": {
        "@chevrotain/gast": "11.1.1",
        "@chevrotain/types": "11.1.1",
        "lodash-es": "4.17.23"
      }
    },
    "node_modules/@chevrotain/gast": {
      "version": "11.1.1",
      "resolved": "https://registry.npmjs.org/@chevrotain/gast/-/gast-11.1.1.tgz",
      "integrity": "sha512-Ko/5vPEYy1vn5CbCjjvnSO4U7GgxyGm+dfUZZJIWTlQFkXkyym0jFYrWEU10hyCjrA7rQtiHtBr0EaZqvHFZvg==",
      "license": "Apache-2.0",
      "dependencies": {
        "@chevrotain/types": "11.1.1",
        "lodash-es": "4.17.23"
      }
    },
    "node_modules/@chevrotain/regexp-to-ast": {
      "version": "11.1.1",
      "resolved": "https://registry.npmjs.org/@chevrotain/regexp-to-ast/-/regexp-to-ast-11.1.1.tgz",
      "integrity": "sha512-ctRw1OKSXkOrR8VTvOxrQ5USEc4sNrfwXHa1NuTcR7wre4YbjPcKw+82C2uylg/TEwFRgwLmbhlln4qkmDyteg==",
      "license": "Apache-2.0"
    },
    "node_modules/@chevrotain/types": {
      "version": "11.1.1",
      "resolved": "https://registry.npmjs.org/@chevrotain/types/-/types-11.1.1.tgz",
      "integrity": "sha512-wb2ToxG8LkgPYnKe9FH8oGn3TMCBdnwiuNC5l5y+CtlaVRbCytU0kbVsk6CGrqTL4ZN4ksJa0TXOYbxpbthtqw==",
      "license": "Apache-2.0"
    },
    "node_modules/@chevrotain/utils": {
      "version": "11.1.1",
      "resolved": "https://registry.npmjs.org/@chevrotain/utils/-/utils-11.1.1.tgz",
      "integrity": "sha512-71eTYMzYXYSFPrbg/ZwftSaSDld7UYlS8OQa3lNnn9jzNtpFbaReRRyghzqS7rI3CDaorqpPJJcXGHK+FE1TVQ==",
      "license": "Apache-2.0"
    },
    "node_modules/@ungap/structured-clone": {
      "version": "1.3.0",
      "resolved": "https://registry.npmjs.org/@ungap/structured-clone/-/structured-clone-1.3.0.tgz",
      "integrity": "sha512-WmoN8qaIAo7WTYWbAZuG8PYEhn5fkz7dZrqTBZ7dtt//lL2Gwms1IcnQ5yHqjDfX8Ft5j4YzDM23f87zBfDe9g==",
      "license": "ISC"
    },
    "node_modules/chevrotain": {
      "version": "11.1.1",
      "resolved": "https://registry.npmjs.org/chevrotain/-/chevrotain-11.1.1.tgz",
      "integrity": "sha512-f0yv5CPKaFxfsPTBzX7vGuim4oIC1/gcS7LUGdBSwl2dU6+FON6LVUksdOo1qJjoUvXNn45urgh8C+0a24pACQ==",
      "license": "Apache-2.0",
      "dependencies": {
        "@chevrotain/cst-dts-gen": "11.1.1",
        "@chevrotain/gast": "11.1.1",
        "@chevrotain/regexp-to-ast": "11.1.1",
        "@chevrotain/types": "11.1.1",
        "@chevrotain/utils": "11.1.1",
        "lodash-es": "4.17.23"
      }
    },
    "node_modules/he": {
      "version": "1.2.0",
      "resolved": "https://registry.npmjs.org/he/-/he-1.2.0.tgz",
      "integrity": "sha512-F/1DnUGPopORZi0ni+CvrCgHQ5FyEAHRLSApuYWMmrbSwoN2Mn/7k+Gl38gJnR7yyDZk6WLXwiGod1JOWNDKGw==",
      "license": "MIT",
      "bin": {
        "he": "bin/he"
      }
    },
    "node_modules/lodash-es": {
      "version": "4.17.23",
      "resolved": "https://registry.npmjs.org/lodash-es/-/lodash-es-4.17.23.tgz",
      "integrity": "sha512-kVI48u3PZr38HdYz98UmfPnXl2DXrpdctLrFLCd3kOx1xUkOmpFPx7gCWWM5MPkL/fD8zb+Ph0QzjGFs4+hHWg==",
      "license": "MIT"
    },
    "node_modules/mingo": {
      "version": "6.4.9",
      "resolved": "https://registry.npmjs.org/mingo/-/mingo-6.4.9.tgz",
      "integrity": "sha512-jsOiIEJ19UtTaWjNFN4CnuKWqELm2sINZcHqI/nmjezMvXthBIQOftJrlT85NuIDoSFc0vrbjD+GnrzEgYnPbA==",
      "license": "MIT"
    },
    "node_modules/riscript": {
      "version": "1.1.6",
      "resolved": "https://registry.npmjs.org/riscript/-/riscript-1.1.6.tgz",
      "integrity": "sha512-B1rY5huqp21eFzhOhh1/A/iII1CYvMYT1IkRcOhTyGoEABrWFywV60c0rR7lRmwOlTMV8vdRT74TYu7bYSlnLw==",
      "license": "GPL-3.0",
      "dependencies": {
        "chevrotain": "^11.0.3",
        "he": "^1.2.0",
        "mingo": "6.4.9"
      },
      "engines": {
        "node": ">=14.0"
      },
      "peerDependencies": {
        "rita": "^3.0"
      },
      "peerDependenciesMeta": {
        "rita": {
          "optional": true
        }
      }
    },
    "node_modules/rita": {
      "version": "3.2.8",
      "resolved": "https://registry.npmjs.org/rita/-/rita-3.2.8.tgz",
      "integrity": "sha512-vI2XvsouleU2ukrWrUr2+NtP4hu4ucCjQrtnlMOMZkOpj22pAI87kywzr5dZovW+3BTUxtkJ8kcQAeMzFSq9ZA==",
      "license": "GPL-3.0",
      "dependencies": {
        "@ungap/structured-clone": "^1.2.0",
        "riscript": "^1.1.6"
      },
      "engines": {
        "node": ">=14.0"
      }
    }
  }
}
