{
  "name": "ja-pagou",
  "version": "1.0.0",
  "lockfileVersion": 3,
  "requires": true,
  "packages": {
    "": {
      "version": "1.0.0",
      "license": "ISC",
      "dependencies": {
        "rita": "^3.2.16"
      }
    },
    "node_modules/@chevrotain/cst-dts-gen": {
      "version": "11.2.0",
      "resolved": "https://registry.npmjs.org/@chevrotain/cst-dts-gen/-/cst-dts-gen-11.2.0.tgz",
      "integrity": "sha512-ssJFvn/UXhQQeICw3SR/fZPmYVj+JM2mP+Lx7bZ51cOeHaMWOKp3AUMuyM3QR82aFFXTfcAp67P5GpPjGmbZWQ==",
      "license": "Apache-2.0",
      "dependencies": {
        "@chevrotain/gast": "11.2.0",
        "@chevrotain/types": "11.2.0",
        "lodash-es": "4.17.23"
      }
    },
    "node_modules/@chevrotain/gast": {
      "version": "11.2.0",
      "resolved": "https://registry.npmjs.org/@chevrotain/gast/-/gast-11.2.0.tgz",
      "integrity": "sha512-c+KoD6eSI1xjAZZoNUW+V0l13UEn+a4ShmUrjIKs1BeEWCji0Kwhmqn5FSx1K4BhWL7IQKlV7wLR4r8lLArORQ==",
      "license": "Apache-2.0",
      "dependencies": {
        "@chevrotain/types": "11.2.0",
        "lodash-es": "4.17.23"
      }
    },
    "node_modules/@chevrotain/regexp-to-ast": {
      "version": "11.2.0",
      "resolved": "https://registry.npmjs.org/@chevrotain/regexp-to-ast/-/regexp-to-ast-11.2.0.tgz",
      "integrity": "sha512-lG73pBFqbXODTbXhdZwv0oyUaI+3Irm+uOv5/W79lI3g5hasYaJnVJOm3H2NkhA0Ef4XLBU4Scr7TJDJwgFkAw==",
      "license": "Apache-2.0"
    },
    "node_modules/@chevrotain/types": {
      "version": "11.2.0",
      "resolved": "https://registry.npmjs.org/@chevrotain/types/-/types-11.2.0.tgz",
      "integrity": "sha512-vBMSj/lz/LqolbGQEHB0tlpW5BnljHVtp+kzjQfQU+5BtGMTuZCPVgaAjtKvQYXnHb/8i/02Kii00y0tsuwfsw==",
      "license": "Apache-2.0"
    },
    "node_modules/@chevrotain/utils": {
      "version": "11.2.0",
      "resolved": "https://registry.npmjs.org/@chevrotain/utils/-/utils-11.2.0.tgz",
      "integrity": "sha512-+7whECg4yNWHottjvr2To2BRxL4XJVjIyyv5J4+bJ0iMOVU8j/8n1qPDLZS/90W/BObDR8VNL46lFbzY/Hosmw==",
      "license": "Apache-2.0"
    },
    "node_modules/@ungap/structured-clone": {
      "version": "1.3.3",
      "resolved": "https://registry.npmjs.org/@ungap/structured-clone/-/structured-clone-1.3.3.tgz",
      "integrity": "sha512-60YRaenCQcVjYEKOcG824+DRGGIQ3VKErcBoAEDJZz5bKIs2ZG+X/H9Nk+Q6EVkwJk5QNApxbrc5QtBSwtrXAg==",
      "license": "ISC"
    },
    "node_modules/chevrotain": {
      "version": "11.2.0",
      "resolved": "https://registry.npmjs.org/chevrotain/-/chevrotain-11.2.0.tgz",
      "integrity": "sha512-mHCHTxM51nCklUw9RzRVc0DLjAh/SAUPM4k/zMInlTIo25ldWXOZoPt7XEIk/LwoT4lFVmJcu9g5MHtx371x3A==",
      "license": "Apache-2.0",
      "dependencies": {
        "@chevrotain/cst-dts-gen": "11.2.0",
        "@chevrotain/gast": "11.2.0",
        "@chevrotain/regexp-to-ast": "11.2.0",
        "@chevrotain/types": "11.2.0",
        "@chevrotain/utils": "11.2.0",
        "lodash-es": "4.17.23"
      }
    },
    "node_modules/he": {
      "version": "1.2.0",
      "resolved": "https://registry.npmjs.org/he/-/he-1.2.0.tgz",
      "integrity": "sha512-F/1DnUGPopORZi0ni+CvrCgHQ5FyEAHRLSApuYWMmrbSwoN2Mn/7k+Gl38gJnR7yyDZk6WLXwiGod1JOWNDKGw==",
      "license": "MIT",
      "bin": {
        "he": "bin/he"
      }
    },
    "node_modules/lodash-es": {
      "version": "4.17.23",
      "resolved": "https://registry.npmjs.org/lodash-es/-/lodash-es-4.17.23.tgz",
      "integrity": "sha512-kVI48u3PZr38HdYz98UmfPnXl2DXrpdctLrFLCd3kOx1xUkOmpFPx7gCWWM5MPkL/fD8zb+Ph0QzjGFs4+hHWg==",
      "license": "MIT"
    },
    "node_modules/mingo": {
      "version": "6.4.9",
      "resolved": "https://registry.npmjs.org/mingo/-/mingo-6.4.9.tgz",
      "integrity": "sha512-jsOiIEJ19UtTaWjNFN4CnuKWqELm2sINZcHqI/nmjezMvXthBIQOftJrlT85NuIDoSFc0vrbjD+GnrzEgYnPbA==",
      "license": "MIT"
    },
    "node_modules/riscript": {
      "version": "1.1.9",
      "resolved": "https://registry.npmjs.org/riscript/-/riscript-1.1.9.tgz",
      "integrity": "sha512-GhRkVR5hQLia3QwYgEghJ3YeMFFAWefJRLxbqAFgNniDQRVjioAWUjk00Pslp28gw4BYRcCLtBGiDM+4pxcHqw==",
      "license": "GPL-3.0",
      "dependencies": {
        "chevrotain": "^11.0.3",
        "he": "^1.2.0",
        "mingo": "6.4.9"
      },
      "engines": {
        "node": ">=14.0"
      },
      "peerDependencies": {
        "rita": "^3.0"
      },
      "peerDependenciesMeta": {
        "rita": {
          "optional": true
        }
      }
    },
    "node_modules/rita": {
      "version": "3.2.16",
      "resolved": "https://registry.npmjs.org/rita/-/rita-3.2.16.tgz",
      "integrity": "sha512-4ls83RGxZtXJUzCm+SPFrjKEdBGvgqEgsBgmIgCgbXgvZWZwYJiwGmcRf6vfrNE346aB2BpN1Sqvs5I06R7Aeg==",
      "license": "GPL-3.0",
      "dependencies": {
        "@ungap/structured-clone": "^1.2.0",
        "riscript": "^1.1.9"
      },
      "engines": {
        "node": ">=14.0"
      }
    }
  }
}
